
Microsoft Visual Studio Solution File, Format Version 12.00
# Visual Studio Version 16
VisualStudioVersion = 16.0.30503.244
MinimumVisualStudioVersion = 10.0.40219.1
Project("{9A19103F-16F7-4668-BE54-9A1E7A4F7556}") = "Samples", "AlgorithmSamples\Samples.csproj", "{4CEA2B5E-71C3-4923-8690-062501E59CB1}"
EndProject
Project("{FAE04EC0-301F-11D3-BF4B-00C04F79EFBC}") = "AlgorithmsLibrary", "AlgorithmsLibrary\AlgorithmsLibrary.csproj", "{911B51B7-DF57-4E37-8A49-BB823232EAC4}"
EndProject
Global
	GlobalSection(SolutionConfigurationPlatforms) = preSolution
		Debug|Any CPU = Debug|Any CPU
		Release|Any CPU = Release|Any CPU
	EndGlobalSection
	GlobalSection(ProjectConfigurationPlatforms) = postSolution
		{4CEA2B5E-71C3-4923-8690-062501E59CB1}.Debug|Any CPU.ActiveCfg = Debug|Any CPU
		{4CEA2B5E-71C3-4923-8690-062501E59CB1}.Debug|Any CPU.Build.0 = Debug|Any CPU
		{4CEA2B5E-71C3-4923-8690-062501E59CB1}.Release|Any CPU.ActiveCfg = Release|Any CPU
		{4CEA2B5E-71C3-4923-8690-062501E59CB1}.Release|Any CPU.Build.0 = Release|Any CPU
		{911B51B7-DF57-4E37-8A49-BB823232EAC4}.Debug|Any CPU.ActiveCfg = Debug|Any CPU
		{911B51B7-DF57-4E37-8A49-BB823232EAC4}.Debug|Any CPU.Build.0 = Debug|Any CPU
		{911B51B7-DF57-4E37-8A49-BB823232EAC4}.Release|Any CPU.ActiveCfg = Release|Any CPU
		{911B51B7-DF57-4E37-8A49-BB823232EAC4}.Release|Any CPU.Build.0 = Release|Any CPU
	EndGlobalSection
	GlobalSection(SolutionProperties) = preSolution
		HideSolutionNode = FALSE
	EndGlobalSection
	GlobalSection(ExtensibilityGlobals) = postSolution
		SolutionGuid = {336A9320-24CC-42C6-8C05-DCD8A83E6891}
	EndGlobalSection
EndGlobal
